
Microsoft Visual Studio Solution File, Format Version 12.00
# Visual Studio Version 16
VisualStudioVersion = 16.0.31112.23
MinimumVisualStudioVersion = 10.0.40219.1
Project("{FAE04EC0-301F-11D3-BF4B-00C04F79EFBC}") = "IODManager", "IODManager.csproj", "{EB824471-6F0C-4D29-B235-F65A91F2DB4C}"
EndProject
Global
	GlobalSection(SolutionConfigurationPlatforms) = preSolution
		Debug|Any CPU = Debug|Any CPU
		Release|Any CPU = Release|Any CPU
	EndGlobalSection
	GlobalSection(ProjectConfigurationPlatforms) = postSolution
		{EB824471-6F0C-4D29-B235-F65A91F2DB4C}.Debug|Any CPU.ActiveCfg = Debug|Any CPU
		{EB824471-6F0C-4D29-B235-F65A91F2DB4C}.Debug|Any CPU.Build.0 = Debug|Any CPU
		{EB824471-6F0C-4D29-B235-F65A91F2DB4C}.Release|Any CPU.ActiveCfg = Release|Any CPU
		{EB824471-6F0C-4D29-B235-F65A91F2DB4C}.Release|Any CPU.Build.0 = Release|Any CPU
	EndGlobalSection
	GlobalSection(SolutionProperties) = preSolution
		HideSolutionNode = FALSE
	EndGlobalSection
	GlobalSection(ExtensibilityGlobals) = postSolution
		SolutionGuid = {87F43C46-A666-40BA-AFE4-4A3E1022B982}
	EndGlobalSection
EndGlobal
